// !$*UTF8*$!
{
	archiveVersion = 1;
	classes = {
	};
	objectVersion = 46;
	objects = {

/* Begin PBXBuildFile section */
		250E7E5E17F384F100B8F1B4 /* Foundation.framework in Frameworks */ = {isa = PBXBuildFile; fileRef = 250E7E5D17F384F100B8F1B4 /* Foundation.framework */; };
		250E7E6017F384F100B8F1B4 /* CoreGraphics.framework in Frameworks */ = {isa = PBXBuildFile; fileRef = 250E7E5F17F384F100B8F1B4 /* CoreGraphics.framework */; };
		250E7E6217F384F100B8F1B4 /* UIKit.framework in Frameworks */ = {isa = PBXBuildFile; fileRef = 250E7E6117F384F100B8F1B4 /* UIKit.framework */; };
		250E7E6817F384F100B8F1B4 /* InfoPlist.strings in Resources */ = {isa = PBXBuildFile; fileRef = 250E7E6617F384F100B8F1B4 /* InfoPlist.strings */; };
		250E7E6A17F384F100B8F1B4 /* main.m in Sources */ = {isa = PBXBuildFile; fileRef = 250E7E6917F384F100B8F1B4 /* main.m */; };
		250E7E6E17F384F100B8F1B4 /* AppDelegate.m in Sources */ = {isa = PBXBuildFile; fileRef = 250E7E6D17F384F100B8F1B4 /* AppDelegate.m */; };
		250E7E7117F384F100B8F1B4 /* Main.storyboard in Resources */ = {isa = PBXBuildFile; fileRef = 250E7E6F17F384F100B8F1B4 /* Main.storyboard */; };
		250E7E7417F384F100B8F1B4 /* ViewController.m in Sources */ = {isa = PBXBuildFile; fileRef = 250E7E7317F384F100B8F1B4 /* ViewController.m */; };
		250E7E7617F384F100B8F1B4 /* Images.xcassets in Resources */ = {isa = PBXBuildFile; fileRef = 250E7E7517F384F100B8F1B4 /* Images.xcassets */; };
		250E7E7D17F384F100B8F1B4 /* XCTest.framework in Frameworks */ = {isa = PBXBuildFile; fileRef = 250E7E7C17F384F100B8F1B4 /* XCTest.framework */; };
		250E7E7E17F384F100B8F1B4 /* Foundation.framework in Frameworks */ = {isa = PBXBuildFile; fileRef = 250E7E5D17F384F100B8F1B4 /* Foundation.framework */; };
		250E7E7F17F384F100B8F1B4 /* UIKit.framework in Frameworks */ = {isa = PBXBuildFile; fileRef = 250E7E6117F384F100B8F1B4 /* UIKit.framework */; };
		250E7E8717F384F100B8F1B4 /* InfoPlist.strings in Resources */ = {isa = PBXBuildFile; fileRef = 250E7E8517F384F100B8F1B4 /* InfoPlist.strings */; };
		250E7E8917F384F100B8F1B4 /* LBLocation_DemoTests.m in Sources */ = {isa = PBXBuildFile; fileRef = 250E7E8817F384F100B8F1B4 /* LBLocation_DemoTests.m */; };
		250E7E9417F384FB00B8F1B4 /* LBLocation.m in Sources */ = {isa = PBXBuildFile; fileRef = 250E7E9317F384FB00B8F1B4 /* LBLocation.m */; };
		250E7E9B17F3865900B8F1B4 /* LICENSE.md in Resources */ = {isa = PBXBuildFile; fileRef = 250E7E9917F3865900B8F1B4 /* LICENSE.md */; };
		250E7E9C17F3865900B8F1B4 /* README.md in Resources */ = {isa = PBXBuildFile; fileRef = 250E7E9A17F3865900B8F1B4 /* README.md */; };
/* End PBXBuildFile section */

/* Begin PBXContainerItemProxy section */
		250E7E8017F384F100B8F1B4 /* PBXContainerItemProxy */ = {
			isa = PBXContainerItemProxy;
			containerPortal = 250E7E5217F384F100B8F1B4 /* Project object */;
			proxyType = 1;
			remoteGlobalIDString = 250E7E5917F384F100B8F1B4;
			remoteInfo = "LBLocation-Demo";
		};
/* End PBXContainerItemProxy section */

/* Begin PBXFileReference section */
		250E7E5A17F384F100B8F1B4 /* LBLocation-Demo.app */ = {isa = PBXFileReference; explicitFileType = wrapper.application; includeInIndex = 0; path = "LBLocation-Demo.app"; sourceTree = BUILT_PRODUCTS_DIR; };
		250E7E5D17F384F100B8F1B4 /* Foundation.framework */ = {isa = PBXFileReference; lastKnownFileType = wrapper.framework; name = Foundation.framework; path = System/Library/Frameworks/Foundation.framework; sourceTree = SDKROOT; };
		250E7E5F17F384F100B8F1B4 /* CoreGraphics.framework */ = {isa = PBXFileReference; lastKnownFileType = wrapper.framework; name = CoreGraphics.framework; path = System/Library/Frameworks/CoreGraphics.framework; sourceTree = SDKROOT; };
		250E7E6117F384F100B8F1B4 /* UIKit.framework */ = {isa = PBXFileReference; lastKnownFileType = wrapper.framework; name = UIKit.framework; path = System/Library/Frameworks/UIKit.framework; sourceTree = SDKROOT; };
		250E7E6517F384F100B8F1B4 /* LBLocation-Demo-Info.plist */ = {isa = PBXFileReference; lastKnownFileType = text.plist.xml; path = "LBLocation-Demo-Info.plist"; sourceTree = "<group>"; };
		250E7E6717F384F100B8F1B4 /* en */ = {isa = PBXFileReference; lastKnownFileType = text.plist.strings; name = en; path = en.lproj/InfoPlist.strings; sourceTree = "<group>"; };
		250E7E6917F384F100B8F1B4 /* main.m */ = {isa = PBXFileReference; lastKnownFileType = sourcecode.c.objc; path = main.m; sourceTree = "<group>"; };
		250E7E6B17F384F100B8F1B4 /* LBLocation-Demo-Prefix.pch */ = {isa = PBXFileReference; lastKnownFileType = sourcecode.c.h; path = "LBLocation-Demo-Prefix.pch"; sourceTree = "<group>"; };
		250E7E6C17F384F100B8F1B4 /* AppDelegate.h */ = {isa = PBXFileReference; lastKnownFileType = sourcecode.c.h; path = AppDelegate.h; sourceTree = "<group>"; };
		250E7E6D17F384F100B8F1B4 /* AppDelegate.m */ = {isa = PBXFileReference; lastKnownFileType = sourcecode.c.objc; path = AppDelegate.m; sourceTree = "<group>"; };
		250E7E7017F384F100B8F1B4 /* Base */ = {isa = PBXFileReference; lastKnownFileType = file.storyboard; name = Base; path = Base.lproj/Main.storyboard; sourceTree = "<group>"; };
		250E7E7217F384F100B8F1B4 /* ViewController.h */ = {isa = PBXFileReference; lastKnownFileType = sourcecode.c.h; path = ViewController.h; sourceTree = "<group>"; };
		250E7E7317F384F100B8F1B4 /* ViewController.m */ = {isa = PBXFileReference; lastKnownFileType = sourcecode.c.objc; path = ViewController.m; sourceTree = "<group>"; };
		250E7E7517F384F100B8F1B4 /* Images.xcassets */ = {isa = PBXFileReference; lastKnownFileType = folder.assetcatalog; path = Images.xcassets; sourceTree = "<group>"; };
		250E7E7B17F384F100B8F1B4 /* LBLocation-DemoTests.xctest */ = {isa = PBXFileReference; explicitFileType = wrapper.cfbundle; includeInIndex = 0; path = "LBLocation-DemoTests.xctest"; sourceTree = BUILT_PRODUCTS_DIR; };
		250E7E7C17F384F100B8F1B4 /* XCTest.framework */ = {isa = PBXFileReference; lastKnownFileType = wrapper.framework; name = XCTest.framework; path = Library/Frameworks/XCTest.framework; sourceTree = DEVELOPER_DIR; };
		250E7E8417F384F100B8F1B4 /* LBLocation-DemoTests-Info.plist */ = {isa = PBXFileReference; lastKnownFileType = text.plist.xml; path = "LBLocation-DemoTests-Info.plist"; sourceTree = "<group>"; };
		250E7E8617F384F100B8F1B4 /* en */ = {isa = PBXFileReference; lastKnownFileType = text.plist.strings; name = en; path = en.lproj/InfoPlist.strings; sourceTree = "<group>"; };
		250E7E8817F384F100B8F1B4 /* LBLocation_DemoTests.m */ = {isa = PBXFileReference; lastKnownFileType = sourcecode.c.objc; path = LBLocation_DemoTests.m; sourceTree = "<group>"; };
		250E7E9217F384FB00B8F1B4 /* LBLocation.h */ = {isa = PBXFileReference; fileEncoding = 4; lastKnownFileType = sourcecode.c.h; path = LBLocation.h; sourceTree = "<group>"; };
		250E7E9317F384FB00B8F1B4 /* LBLocation.m */ = {isa = PBXFileReference; fileEncoding = 4; lastKnownFileType = sourcecode.c.objc; path = LBLocation.m; sourceTree = "<group>"; };
		250E7E9917F3865900B8F1B4 /* LICENSE.md */ = {isa = PBXFileReference; fileEncoding = 4; lastKnownFileType = text; path = LICENSE.md; sourceTree = "<group>"; };
		250E7E9A17F3865900B8F1B4 /* README.md */ = {isa = PBXFileReference; fileEncoding = 4; lastKnownFileType = text; path = README.md; sourceTree = "<group>"; };
/* End PBXFileReference section */

/* Begin PBXFrameworksBuildPhase section */
		250E7E5717F384F100B8F1B4 /* Frameworks */ = {
			isa = PBXFrameworksBuildPhase;
			buildActionMask = 2147483647;
			files = (
				250E7E6017F384F100B8F1B4 /* CoreGraphics.framework in Frameworks */,
				250E7E6217F384F100B8F1B4 /* UIKit.framework in Frameworks */,
				250E7E5E17F384F100B8F1B4 /* Foundation.framework in Frameworks */,
			);
			runOnlyForDeploymentPostprocessing = 0;
		};
		250E7E7817F384F100B8F1B4 /* Frameworks */ = {
			isa = PBXFrameworksBuildPhase;
			buildActionMask = 2147483647;
			files = (
				250E7E7D17F384F100B8F1B4 /* XCTest.framework in Frameworks */,
				250E7E7F17F384F100B8F1B4 /* UIKit.framework in Frameworks */,
				250E7E7E17F384F100B8F1B4 /* Foundation.framework in Frameworks */,
			);
			runOnlyForDeploymentPostprocessing = 0;
		};
/* End PBXFrameworksBuildPhase section */

/* Begin PBXGroup section */
		250E7E5117F384F100B8F1B4 = {
			isa = PBXGroup;
			children = (
				250E7E6317F384F100B8F1B4 /* LBLocation-Demo */,
				250E7E8217F384F100B8F1B4 /* LBLocation-DemoTests */,
				250E7E5C17F384F100B8F1B4 /* Frameworks */,
				250E7E5B17F384F100B8F1B4 /* Products */,
			);
			sourceTree = "<group>";
		};
		250E7E5B17F384F100B8F1B4 /* Products */ = {
			isa = PBXGroup;
			children = (
				250E7E5A17F384F100B8F1B4 /* LBLocation-Demo.app */,
				250E7E7B17F384F100B8F1B4 /* LBLocation-DemoTests.xctest */,
			);
			name = Products;
			sourceTree = "<group>";
		};
		250E7E5C17F384F100B8F1B4 /* Frameworks */ = {
			isa = PBXGroup;
			children = (
				250E7E5D17F384F100B8F1B4 /* Foundation.framework */,
				250E7E5F17F384F100B8F1B4 /* CoreGraphics.framework */,
				250E7E6117F384F100B8F1B4 /* UIKit.framework */,
				250E7E7C17F384F100B8F1B4 /* XCTest.framework */,
			);
			name = Frameworks;
			sourceTree = "<group>";
		};
		250E7E6317F384F100B8F1B4 /* LBLocation-Demo */ = {
			isa = PBXGroup;
			children = (
				250E7E6C17F384F100B8F1B4 /* AppDelegate.h */,
				250E7E6D17F384F100B8F1B4 /* AppDelegate.m */,
				250E7E6F17F384F100B8F1B4 /* Main.storyboard */,
				250E7E7217F384F100B8F1B4 /* ViewController.h */,
				250E7E7317F384F100B8F1B4 /* ViewController.m */,
				250E7E9217F384FB00B8F1B4 /* LBLocation.h */,
				250E7E9317F384FB00B8F1B4 /* LBLocation.m */,
				250E7E9917F3865900B8F1B4 /* LICENSE.md */,
				250E7E9A17F3865900B8F1B4 /* README.md */,
				250E7E7517F384F100B8F1B4 /* Images.xcassets */,
				250E7E6417F384F100B8F1B4 /* Supporting Files */,
			);
			path = "LBLocation-Demo";
			sourceTree = "<group>";
		};
		250E7E6417F384F100B8F1B4 /* Supporting Files */ = {
			isa = PBXGroup;
			children = (
				250E7E6517F384F100B8F1B4 /* LBLocation-Demo-Info.plist */,
				250E7E6617F384F100B8F1B4 /* InfoPlist.strings */,
				250E7E6917F384F100B8F1B4 /* main.m */,
				250E7E6B17F384F100B8F1B4 /* LBLocation-Demo-Prefix.pch */,
			);
			name = "Supporting Files";
			sourceTree = "<group>";
		};
		250E7E8217F384F100B8F1B4 /* LBLocation-DemoTests */ = {
			isa = PBXGroup;
			children = (
				250E7E8817F384F100B8F1B4 /* LBLocation_DemoTests.m */,
				250E7E8317F384F100B8F1B4 /* Supporting Files */,
			);
			path = "LBLocation-DemoTests";
			sourceTree = "<group>";
		};
		250E7E8317F384F100B8F1B4 /* Supporting Files */ = {
			isa = PBXGroup;
			children = (
				250E7E8417F384F100B8F1B4 /* LBLocation-DemoTests-Info.plist */,
				250E7E8517F384F100B8F1B4 /* InfoPlist.strings */,
			);
			name = "Supporting Files";
			sourceTree = "<group>";
		};
/* End PBXGroup section */

/* Begin PBXNativeTarget section */
		250E7E5917F384F100B8F1B4 /* LBLocation-Demo */ = {
			isa = PBXNativeTarget;
			buildConfigurationList = 250E7E8C17F384F100B8F1B4 /* Build configuration list for PBXNativeTarget "LBLocation-Demo" */;
			buildPhases = (
				250E7E5617F384F100B8F1B4 /* Sources */,
				250E7E5717F384F100B8F1B4 /* Frameworks */,
				250E7E5817F384F100B8F1B4 /* Resources */,
			);
			buildRules = (
			);
			dependencies = (
			);
			name = "LBLocation-Demo";
			productName = "LBLocation-Demo";
			productReference = 250E7E5A17F384F100B8F1B4 /* LBLocation-Demo.app */;
			productType = "com.apple.product-type.application";
		};
		250E7E7A17F384F100B8F1B4 /* LBLocation-DemoTests */ = {
			isa = PBXNativeTarget;
			buildConfigurationList = 250E7E8F17F384F100B8F1B4 /* Build configuration list for PBXNativeTarget "LBLocation-DemoTests" */;
			buildPhases = (
				250E7E7717F384F100B8F1B4 /* Sources */,
				250E7E7817F384F100B8F1B4 /* Frameworks */,
				250E7E7917F384F100B8F1B4 /* Resources */,
			);
			buildRules = (
			);
			dependencies = (
				250E7E8117F384F100B8F1B4 /* PBXTargetDependency */,
			);
			name = "LBLocation-DemoTests";
			productName = "LBLocation-DemoTests";
			productReference = 250E7E7B17F384F100B8F1B4 /* LBLocation-DemoTests.xctest */;
			productType = "com.apple.product-type.bundle.unit-test";
		};
/* End PBXNativeTarget section */

/* Begin PBXProject section */
		250E7E5217F384F100B8F1B4 /* Project object */ = {
			isa = PBXProject;
			attributes = {
				LastUpgradeCheck = 0500;
				ORGANIZATIONNAME = "Lucian Boboc";
				TargetAttributes = {
					250E7E7A17F384F100B8F1B4 = {
						TestTargetID = 250E7E5917F384F100B8F1B4;
					};
				};
			};
			buildConfigurationList = 250E7E5517F384F100B8F1B4 /* Build configuration list for PBXProject "LBLocation-Demo" */;
			compatibilityVersion = "Xcode 3.2";
			developmentRegion = English;
			hasScannedForEncodings = 0;
			knownRegions = (
				en,
				Base,
			);
			mainGroup = 250E7E5117F384F100B8F1B4;
			productRefGroup = 250E7E5B17F384F100B8F1B4 /* Products */;
			projectDirPath = "";
			projectRoot = "";
			targets = (
				250E7E5917F384F100B8F1B4 /* LBLocation-Demo */,
				250E7E7A17F384F100B8F1B4 /* LBLocation-DemoTests */,
			);
		};
/* End PBXProject section */

/* Begin PBXResourcesBuildPhase section */
		250E7E5817F384F100B8F1B4 /* Resources */ = {
			isa = PBXResourcesBuildPhase;
			buildActionMask = 2147483647;
			files = (
				250E7E9B17F3865900B8F1B4 /* LICENSE.md in Resources */,
				250E7E7617F384F100B8F1B4 /* Images.xcassets in Resources */,
				250E7E9C17F3865900B8F1B4 /* README.md in Resources */,
				250E7E6817F384F100B8F1B4 /* InfoPlist.strings in Resources */,
				250E7E7117F384F100B8F1B4 /* Main.storyboard in Resources */,
			);
			runOnlyForDeploymentPostprocessing = 0;
		};
		250E7E7917F384F100B8F1B4 /* Resources */ = {
			isa = PBXResourcesBuildPhase;
			buildActionMask = 2147483647;
			files = (
				250E7E8717F384F100B8F1B4 /* InfoPlist.strings in Resources */,
			);
			runOnlyForDeploymentPostprocessing = 0;
		};
/* End PBXResourcesBuildPhase section */

/* Begin PBXSourcesBuildPhase section */
		250E7E5617F384F100B8F1B4 /* Sources */ = {
			isa = PBXSourcesBuildPhase;
			buildActionMask = 2147483647;
			files = (
				250E7E7417F384F100B8F1B4 /* ViewController.m in Sources */,
				250E7E6E17F384F100B8F1B4 /* AppDelegate.m in Sources */,
				250E7E9417F384FB00B8F1B4 /* LBLocation.m in Sources */,
				250E7E6A17F384F100B8F1B4 /* main.m in Sources */,
			);
			runOnlyForDeploymentPostprocessing = 0;
		};
		250E7E7717F384F100B8F1B4 /* Sources */ = {
			isa = PBXSourcesBuildPhase;
			buildActionMask = 2147483647;
			files = (
				250E7E8917F384F100B8F1B4 /* LBLocation_DemoTests.m in Sources */,
			);
			runOnlyForDeploymentPostprocessing = 0;
		};
/* End PBXSourcesBuildPhase section */

/* Begin PBXTargetDependency section */
		250E7E8117F384F100B8F1B4 /* PBXTargetDependency */ = {
			isa = PBXTargetDependency;
			target = 250E7E5917F384F100B8F1B4 /* LBLocation-Demo */;
			targetProxy = 250E7E8017F384F100B8F1B4 /* PBXContainerItemProxy */;
		};
/* End PBXTargetDependency section */

/* Begin PBXVariantGroup section */
		250E7E6617F384F100B8F1B4 /* InfoPlist.strings */ = {
			isa = PBXVariantGroup;
			children = (
				250E7E6717F384F100B8F1B4 /* en */,
			);
			name = InfoPlist.strings;
			sourceTree = "<group>";
		};
		250E7E6F17F384F100B8F1B4 /* Main.storyboard */ = {
			isa = PBXVariantGroup;
			children = (
				250E7E7017F384F100B8F1B4 /* Base */,
			);
			name = Main.storyboard;
			sourceTree = "<group>";
		};
		250E7E8517F384F100B8F1B4 /* InfoPlist.strings */ = {
			isa = PBXVariantGroup;
			children = (
				250E7E8617F384F100B8F1B4 /* en */,
			);
			name = InfoPlist.strings;
			sourceTree = "<group>";
		};
/* End PBXVariantGroup section */

/* Begin XCBuildConfiguration section */
		250E7E8A17F384F100B8F1B4 /* Debug */ = {
			isa = XCBuildConfiguration;
			buildSettings = {
				ALWAYS_SEARCH_USER_PATHS = NO;
				ARCHS = "$(ARCHS_STANDARD_INCLUDING_64_BIT)";
				CLANG_CXX_LANGUAGE_STANDARD = "gnu++0x";
				CLANG_CXX_LIBRARY = "libc++";
				CLANG_ENABLE_MODULES = YES;
				CLANG_ENABLE_OBJC_ARC = YES;
				CLANG_WARN_BOOL_CONVERSION = YES;
				CLANG_WARN_CONSTANT_CONVERSION = YES;
				CLANG_WARN_DIRECT_OBJC_ISA_USAGE = YES_ERROR;
				CLANG_WARN_EMPTY_BODY = YES;
				CLANG_WARN_ENUM_CONVERSION = YES;
				CLANG_WARN_INT_CONVERSION = YES;
				CLANG_WARN_OBJC_ROOT_CLASS = YES_ERROR;
				CLANG_WARN__DUPLICATE_METHOD_MATCH = YES;
				"CODE_SIGN_IDENTITY[sdk=iphoneos*]" = "iPhone Developer";
				COPY_PHASE_STRIP = NO;
				GCC_C_LANGUAGE_STANDARD = gnu99;
				GCC_DYNAMIC_NO_PIC = NO;
				GCC_OPTIMIZATION_LEVEL = 0;
				GCC_PREPROCESSOR_DEFINITIONS = (
					"DEBUG=1",
					"$(inherited)",
				);
				GCC_SYMBOLS_PRIVATE_EXTERN = NO;
				GCC_WARN_64_TO_32_BIT_CONVERSION = YES;
				GCC_WARN_ABOUT_RETURN_TYPE = YES_ERROR;
				GCC_WARN_UNDECLARED_SELECTOR = YES;
				GCC_WARN_UNINITIALIZED_AUTOS = YES;
				GCC_WARN_UNUSED_FUNCTION = YES;
				GCC_WARN_UNUSED_VARIABLE = YES;
				IPHONEOS_DEPLOYMENT_TARGET = 7.0;
				ONLY_ACTIVE_ARCH = YES;
				SDKROOT = iphoneos;
			};
			name = Debug;
		};
		250E7E8B17F384F100B8F1B4 /* Release */ = {
			isa = XCBuildConfiguration;
			buildSettings = {
				ALWAYS_SEARCH_USER_PATHS = NO;
				ARCHS = "$(ARCHS_STANDARD_INCLUDING_64_BIT)";
				CLANG_CXX_LANGUAGE_STANDARD = "gnu++0x";
				CLANG_CXX_LIBRARY = "libc++";
				CLANG_ENABLE_MODULES = YES;
				CLANG_ENABLE_OBJC_ARC = YES;
				CLANG_WARN_BOOL_CONVERSION = YES;
				CLANG_WARN_CONSTANT_CONVERSION = YES;
				CLANG_WARN_DIRECT_OBJC_ISA_USAGE = YES_ERROR;
				CLANG_WARN_EMPTY_BODY = YES;
				CLANG_WARN_ENUM_CONVERSION = YES;
				CLANG_WARN_INT_CONVERSION = YES;
				CLANG_WARN_OBJC_ROOT_CLASS = YES_ERROR;
				CLANG_WARN__DUPLICATE_METHOD_MATCH = YES;
				"CODE_SIGN_IDENTITY[sdk=iphoneos*]" = "iPhone Developer";
				COPY_PHASE_STRIP = YES;
				ENABLE_NS_ASSERTIONS = NO;
				GCC_C_LANGUAGE_STANDARD = gnu99;
				GCC_WARN_64_TO_32_BIT_CONVERSION = YES;
				GCC_WARN_ABOUT_RETURN_TYPE = YES_ERROR;
				GCC_WARN_UNDECLARED_SELECTOR = YES;
				GCC_WARN_UNINITIALIZED_AUTOS = YES;
				GCC_WARN_UNUSED_FUNCTION = YES;
				GCC_WARN_UNUSED_VARIABLE = YES;
				IPHONEOS_DEPLOYMENT_TARGET = 7.0;
				SDKROOT = iphoneos;
				VALIDATE_PRODUCT = YES;
			};
			name = Release;
		};
		250E7E8D17F384F100B8F1B4 /* Debug */ = {
			isa = XCBuildConfiguration;
			buildSettings = {
				ASSETCATALOG_COMPILER_APPICON_NAME = AppIcon;
				ASSETCATALOG_COMPILER_LAUNCHIMAGE_NAME = LaunchImage;
				GCC_PRECOMPILE_PREFIX_HEADER = YES;
				GCC_PREFIX_HEADER = "LBLocation-Demo/LBLocation-Demo-Prefix.pch";
				INFOPLIST_FILE = "LBLocation-Demo/LBLocation-Demo-Info.plist";
				PRODUCT_NAME = "$(TARGET_NAME)";
				WRAPPER_EXTENSION = app;
			};
			name = Debug;
		};
		250E7E8E17F384F100B8F1B4 /* Release */ = {
			isa = XCBuildConfiguration;
			buildSettings = {
				ASSETCATALOG_COMPILER_APPICON_NAME = AppIcon;
				ASSETCATALOG_COMPILER_LAUNCHIMAGE_NAME = LaunchImage;
				GCC_PRECOMPILE_PREFIX_HEADER = YES;
				GCC_PREFIX_HEADER = "LBLocation-Demo/LBLocation-Demo-Prefix.pch";
				INFOPLIST_FILE = "LBLocation-Demo/LBLocation-Demo-Info.plist";
				PRODUCT_NAME = "$(TARGET_NAME)";
				WRAPPER_EXTENSION = app;
			};
			name = Release;
		};
		250E7E9017F384F100B8F1B4 /* Debug */ = {
			isa = XCBuildConfiguration;
			buildSettings = {
				ARCHS = "$(ARCHS_STANDARD_INCLUDING_64_BIT)";
				BUNDLE_LOADER = "$(BUILT_PRODUCTS_DIR)/LBLocation-Demo.app/LBLocation-Demo";
				FRAMEWORK_SEARCH_PATHS = (
					"$(SDKROOT)/Developer/Library/Frameworks",
					"$(inherited)",
					"$(DEVELOPER_FRAMEWORKS_DIR)",
				);
				GCC_PRECOMPILE_PREFIX_HEADER = YES;
				GCC_PREFIX_HEADER = "LBLocation-Demo/LBLocation-Demo-Prefix.pch";
				GCC_PREPROCESSOR_DEFINITIONS = (
					"DEBUG=1",
					"$(inherited)",
				);
				INFOPLIST_FILE = "LBLocation-DemoTests/LBLocation-DemoTests-Info.plist";
				PRODUCT_NAME = "$(TARGET_NAME)";
				TEST_HOST = "$(BUNDLE_LOADER)";
				WRAPPER_EXTENSION = xctest;
			};
			name = Debug;
		};
		250E7E9117F384F100B8F1B4 /* Release */ = {
			isa = XCBuildConfiguration;
			buildSettings = {
				ARCHS = "$(ARCHS_STANDARD_INCLUDING_64_BIT)";
				BUNDLE_LOADER = "$(BUILT_PRODUCTS_DIR)/LBLocation-Demo.app/LBLocation-Demo";
				FRAMEWORK_SEARCH_PATHS = (
					"$(SDKROOT)/Developer/Library/Frameworks",
					"$(inherited)",
					"$(DEVELOPER_FRAMEWORKS_DIR)",
				);
				GCC_PRECOMPILE_PREFIX_HEADER = YES;
				GCC_PREFIX_HEADER = "LBLocation-Demo/LBLocation-Demo-Prefix.pch";
				INFOPLIST_FILE = "LBLocation-DemoTests/LBLocation-DemoTests-Info.plist";
				PRODUCT_NAME = "$(TARGET_NAME)";
				TEST_HOST = "$(BUNDLE_LOADER)";
				WRAPPER_EXTENSION = xctest;
			};
			name = Release;
		};
/* End XCBuildConfiguration section */

/* Begin XCConfigurationList section */
		250E7E5517F384F100B8F1B4 /* Build configuration list for PBXProject "LBLocation-Demo" */ = {
			isa = XCConfigurationList;
			buildConfigurations = (
				250E7E8A17F384F100B8F1B4 /* Debug */,
				250E7E8B17F384F100B8F1B4 /* Release */,
			);
			defaultConfigurationIsVisible = 0;
			defaultConfigurationName = Release;
		};
		250E7E8C17F384F100B8F1B4 /* Build configuration list for PBXNativeTarget "LBLocation-Demo" */ = {
			isa = XCConfigurationList;
			buildConfigurations = (
				250E7E8D17F384F100B8F1B4 /* Debug */,
				250E7E8E17F384F100B8F1B4 /* Release */,
			);
			defaultConfigurationIsVisible = 0;
		};
		250E7E8F17F384F100B8F1B4 /* Build configuration list for PBXNativeTarget "LBLocation-DemoTests" */ = {
			isa = XCConfigurationList;
			buildConfigurations = (
				250E7E9017F384F100B8F1B4 /* Debug */,
				250E7E9117F384F100B8F1B4 /* Release */,
			);
			defaultConfigurationIsVisible = 0;
		};
/* End XCConfigurationList section */
	};
	rootObject = 250E7E5217F384F100B8F1B4 /* Project object */;
}
